// !$*UTF8*$!
{
	archiveVersion = 1;
	classes = {
	};
	objectVersion = 46;
	objects = {

/* Begin PBXBuildFile section */
		801BECC81A55D080003FEA45 /* AppDelegate.swift in Sources */ = {isa = PBXBuildFile; fileRef = 801BECC71A55D080003FEA45 /* AppDelegate.swift */; };
		801BECCA1A55D080003FEA45 /* ViewController.swift in Sources */ = {isa = PBXBuildFile; fileRef = 801BECC91A55D080003FEA45 /* ViewController.swift */; };
		801BECCD1A55D080003FEA45 /* Main.storyboard in Resources */ = {isa = PBXBuildFile; fileRef = 801BECCB1A55D080003FEA45 /* Main.storyboard */; };
		801BECCF1A55D080003FEA45 /* Images.xcassets in Resources */ = {isa = PBXBuildFile; fileRef = 801BECCE1A55D080003FEA45 /* Images.xcassets */; };
		801BECD21A55D080003FEA45 /* LaunchScreen.xib in Resources */ = {isa = PBXBuildFile; fileRef = 801BECD01A55D080003FEA45 /* LaunchScreen.xib */; };
		801BECDE1A55D080003FEA45 /* PostcardTests.swift in Sources */ = {isa = PBXBuildFile; fileRef = 801BECDD1A55D080003FEA45 /* PostcardTests.swift */; };
		801BECE81A570248003FEA45 /* SagradaFamilia.jpeg in Resources */ = {isa = PBXBuildFile; fileRef = 801BECE71A570248003FEA45 /* SagradaFamilia.jpeg */; };
		801BECEA1A59925F003FEA45 /* AlbertEinsteinStamp.jpg in Resources */ = {isa = PBXBuildFile; fileRef = 801BECE91A59925F003FEA45 /* AlbertEinsteinStamp.jpg */; };
/* End PBXBuildFile section */

/* Begin PBXContainerItemProxy section */
		801BECD81A55D080003FEA45 /* PBXContainerItemProxy */ = {
			isa = PBXContainerItemProxy;
			containerPortal = 801BECBA1A55D07F003FEA45 /* Project object */;
			proxyType = 1;
			remoteGlobalIDString = 801BECC11A55D080003FEA45;
			remoteInfo = Postcard;
		};
/* End PBXContainerItemProxy section */

/* Begin PBXFileReference section */
		801BECC21A55D080003FEA45 /* Postcard.app */ = {isa = PBXFileReference; explicitFileType = wrapper.application; includeInIndex = 0; path = Postcard.app; sourceTree = BUILT_PRODUCTS_DIR; };
		801BECC61A55D080003FEA45 /* Info.plist */ = {isa = PBXFileReference; lastKnownFileType = text.plist.xml; path = Info.plist; sourceTree = "<group>"; };
		801BECC71A55D080003FEA45 /* AppDelegate.swift */ = {isa = PBXFileReference; lastKnownFileType = sourcecode.swift; path = AppDelegate.swift; sourceTree = "<group>"; };
		801BECC91A55D080003FEA45 /* ViewController.swift */ = {isa = PBXFileReference; lastKnownFileType = sourcecode.swift; path = ViewController.swift; sourceTree = "<group>"; };
		801BECCC1A55D080003FEA45 /* Base */ = {isa = PBXFileReference; lastKnownFileType = file.storyboard; name = Base; path = Base.lproj/Main.storyboard; sourceTree = "<group>"; };
		801BECCE1A55D080003FEA45 /* Images.xcassets */ = {isa = PBXFileReference; lastKnownFileType = folder.assetcatalog; path = Images.xcassets; sourceTree = "<group>"; };
		801BECD11A55D080003FEA45 /* Base */ = {isa = PBXFileReference; lastKnownFileType = file.xib; name = Base; path = Base.lproj/LaunchScreen.xib; sourceTree = "<group>"; };
		801BECD71A55D080003FEA45 /* PostcardTests.xctest */ = {isa = PBXFileReference; explicitFileType = wrapper.cfbundle; includeInIndex = 0; path = PostcardTests.xctest; sourceTree = BUILT_PRODUCTS_DIR; };
		801BECDC1A55D080003FEA45 /* Info.plist */ = {isa = PBXFileReference; lastKnownFileType = text.plist.xml; path = Info.plist; sourceTree = "<group>"; };
		801BECDD1A55D080003FEA45 /* PostcardTests.swift */ = {isa = PBXFileReference; lastKnownFileType = sourcecode.swift; path = PostcardTests.swift; sourceTree = "<group>"; };
		801BECE71A570248003FEA45 /* SagradaFamilia.jpeg */ = {isa = PBXFileReference; lastKnownFileType = image.jpeg; path = SagradaFamilia.jpeg; sourceTree = "<group>"; };
		801BECE91A59925F003FEA45 /* AlbertEinsteinStamp.jpg */ = {isa = PBXFileReference; lastKnownFileType = image.jpeg; path = AlbertEinsteinStamp.jpg; sourceTree = "<group>"; };
/* End PBXFileReference section */

/* Begin PBXFrameworksBuildPhase section */
		801BECBF1A55D080003FEA45 /* Frameworks */ = {
			isa = PBXFrameworksBuildPhase;
			buildActionMask = 2147483647;
			files = (
			);
			runOnlyForDeploymentPostprocessing = 0;
		};
		801BECD41A55D080003FEA45 /* Frameworks */ = {
			isa = PBXFrameworksBuildPhase;
			buildActionMask = 2147483647;
			files = (
			);
			runOnlyForDeploymentPostprocessing = 0;
		};
/* End PBXFrameworksBuildPhase section */

/* Begin PBXGroup section */
		801BECB91A55D07F003FEA45 = {
			isa = PBXGroup;
			children = (
				801BECC41A55D080003FEA45 /* Postcard */,
				801BECDA1A55D080003FEA45 /* PostcardTests */,
				801BECC31A55D080003FEA45 /* Products */,
			);
			sourceTree = "<group>";
		};
		801BECC31A55D080003FEA45 /* Products */ = {
			isa = PBXGroup;
			children = (
				801BECC21A55D080003FEA45 /* Postcard.app */,
				801BECD71A55D080003FEA45 /* PostcardTests.xctest */,
			);
			name = Products;
			sourceTree = "<group>";
		};
		801BECC41A55D080003FEA45 /* Postcard */ = {
			isa = PBXGroup;
			children = (
				801BECC71A55D080003FEA45 /* AppDelegate.swift */,
				801BECC91A55D080003FEA45 /* ViewController.swift */,
				801BECCB1A55D080003FEA45 /* Main.storyboard */,
				801BECCE1A55D080003FEA45 /* Images.xcassets */,
				801BECD01A55D080003FEA45 /* LaunchScreen.xib */,
				801BECC51A55D080003FEA45 /* Supporting Files */,
			);
			path = Postcard;
			sourceTree = "<group>";
		};
		801BECC51A55D080003FEA45 /* Supporting Files */ = {
			isa = PBXGroup;
			children = (
				801BECE91A59925F003FEA45 /* AlbertEinsteinStamp.jpg */,
				801BECE71A570248003FEA45 /* SagradaFamilia.jpeg */,
				801BECC61A55D080003FEA45 /* Info.plist */,
			);
			name = "Supporting Files";
			sourceTree = "<group>";
		};
		801BECDA1A55D080003FEA45 /* PostcardTests */ = {
			isa = PBXGroup;
			children = (
				801BECDD1A55D080003FEA45 /* PostcardTests.swift */,
				801BECDB1A55D080003FEA45 /* Supporting Files */,
			);
			path = PostcardTests;
			sourceTree = "<group>";
		};
		801BECDB1A55D080003FEA45 /* Supporting Files */ = {
			isa = PBXGroup;
			children = (
				801BECDC1A55D080003FEA45 /* Info.plist */,
			);
			name = "Supporting Files";
			sourceTree = "<group>";
		};
/* End PBXGroup section */

/* Begin PBXNativeTarget section */
		801BECC11A55D080003FEA45 /* Postcard */ = {
			isa = PBXNativeTarget;
			buildConfigurationList = 801BECE11A55D080003FEA45 /* Build configuration list for PBXNativeTarget "Postcard" */;
			buildPhases = (
				801BECBE1A55D080003FEA45 /* Sources */,
				801BECBF1A55D080003FEA45 /* Frameworks */,
				801BECC01A55D080003FEA45 /* Resources */,
			);
			buildRules = (
			);
			dependencies = (
			);
			name = Postcard;
			productName = Postcard;
			productReference = 801BECC21A55D080003FEA45 /* Postcard.app */;
			productType = "com.apple.product-type.application";
		};
		801BECD61A55D080003FEA45 /* PostcardTests */ = {
			isa = PBXNativeTarget;
			buildConfigurationList = 801BECE41A55D080003FEA45 /* Build configuration list for PBXNativeTarget "PostcardTests" */;
			buildPhases = (
				801BECD31A55D080003FEA45 /* Sources */,
				801BECD41A55D080003FEA45 /* Frameworks */,
				801BECD51A55D080003FEA45 /* Resources */,
			);
			buildRules = (
			);
			dependencies = (
				801BECD91A55D080003FEA45 /* PBXTargetDependency */,
			);
			name = PostcardTests;
			productName = PostcardTests;
			productReference = 801BECD71A55D080003FEA45 /* PostcardTests.xctest */;
			productType = "com.apple.product-type.bundle.unit-test";
		};
/* End PBXNativeTarget section */

/* Begin PBXProject section */
		801BECBA1A55D07F003FEA45 /* Project object */ = {
			isa = PBXProject;
			attributes = {
				LastUpgradeCheck = 0610;
				ORGANIZATIONNAME = "Richard Shafer as The Brass Ratrace";
				TargetAttributes = {
					801BECC11A55D080003FEA45 = {
						CreatedOnToolsVersion = 6.1.1;
					};
					801BECD61A55D080003FEA45 = {
						CreatedOnToolsVersion = 6.1.1;
						TestTargetID = 801BECC11A55D080003FEA45;
					};
				};
			};
			buildConfigurationList = 801BECBD1A55D080003FEA45 /* Build configuration list for PBXProject "Postcard" */;
			compatibilityVersion = "Xcode 3.2";
			developmentRegion = English;
			hasScannedForEncodings = 0;
			knownRegions = (
				en,
				Base,
			);
			mainGroup = 801BECB91A55D07F003FEA45;
			productRefGroup = 801BECC31A55D080003FEA45 /* Products */;
			projectDirPath = "";
			projectRoot = "";
			targets = (
				801BECC11A55D080003FEA45 /* Postcard */,
				801BECD61A55D080003FEA45 /* PostcardTests */,
			);
		};
/* End PBXProject section */

/* Begin PBXResourcesBuildPhase section */
		801BECC01A55D080003FEA45 /* Resources */ = {
			isa = PBXResourcesBuildPhase;
			buildActionMask = 2147483647;
			files = (
				801BECCD1A55D080003FEA45 /* Main.storyboard in Resources */,
				801BECE81A570248003FEA45 /* SagradaFamilia.jpeg in Resources */,
				801BECEA1A59925F003FEA45 /* AlbertEinsteinStamp.jpg in Resources */,
				801BECD21A55D080003FEA45 /* LaunchScreen.xib in Resources */,
				801BECCF1A55D080003FEA45 /* Images.xcassets in Resources */,
			);
			runOnlyForDeploymentPostprocessing = 0;
		};
		801BECD51A55D080003FEA45 /* Resources */ = {
			isa = PBXResourcesBuildPhase;
			buildActionMask = 2147483647;
			files = (
			);
			runOnlyForDeploymentPostprocessing = 0;
		};
/* End PBXResourcesBuildPhase section */

/* Begin PBXSourcesBuildPhase section */
		801BECBE1A55D080003FEA45 /* Sources */ = {
			isa = PBXSourcesBuildPhase;
			buildActionMask = 2147483647;
			files = (
				801BECCA1A55D080003FEA45 /* ViewController.swift in Sources */,
				801BECC81A55D080003FEA45 /* AppDelegate.swift in Sources */,
			);
			runOnlyForDeploymentPostprocessing = 0;
		};
		801BECD31A55D080003FEA45 /* Sources */ = {
			isa = PBXSourcesBuildPhase;
			buildActionMask = 2147483647;
			files = (
				801BECDE1A55D080003FEA45 /* PostcardTests.swift in Sources */,
			);
			runOnlyForDeploymentPostprocessing = 0;
		};
/* End PBXSourcesBuildPhase section */

/* Begin PBXTargetDependency section */
		801BECD91A55D080003FEA45 /* PBXTargetDependency */ = {
			isa = PBXTargetDependency;
			target = 801BECC11A55D080003FEA45 /* Postcard */;
			targetProxy = 801BECD81A55D080003FEA45 /* PBXContainerItemProxy */;
		};
/* End PBXTargetDependency section */

/* Begin PBXVariantGroup section */
		801BECCB1A55D080003FEA45 /* Main.storyboard */ = {
			isa = PBXVariantGroup;
			children = (
				801BECCC1A55D080003FEA45 /* Base */,
			);
			name = Main.storyboard;
			sourceTree = "<group>";
		};
		801BECD01A55D080003FEA45 /* LaunchScreen.xib */ = {
			isa = PBXVariantGroup;
			children = (
				801BECD11A55D080003FEA45 /* Base */,
			);
			name = LaunchScreen.xib;
			sourceTree = "<group>";
		};
/* End PBXVariantGroup section */

/* Begin XCBuildConfiguration section */
		801BECDF1A55D080003FEA45 /* Debug */ = {
			isa = XCBuildConfiguration;
			buildSettings = {
				ALWAYS_SEARCH_USER_PATHS = NO;
				CLANG_CXX_LANGUAGE_STANDARD = "gnu++0x";
				CLANG_CXX_LIBRARY = "libc++";
				CLANG_ENABLE_MODULES = YES;
				CLANG_ENABLE_OBJC_ARC = YES;
				CLANG_WARN_BOOL_CONVERSION = YES;
				CLANG_WARN_CONSTANT_CONVERSION = YES;
				CLANG_WARN_DIRECT_OBJC_ISA_USAGE = YES_ERROR;
				CLANG_WARN_EMPTY_BODY = YES;
				CLANG_WARN_ENUM_CONVERSION = YES;
				CLANG_WARN_INT_CONVERSION = YES;
				CLANG_WARN_OBJC_ROOT_CLASS = YES_ERROR;
				CLANG_WARN_UNREACHABLE_CODE = YES;
				CLANG_WARN__DUPLICATE_METHOD_MATCH = YES;
				"CODE_SIGN_IDENTITY[sdk=iphoneos*]" = "iPhone Developer";
				COPY_PHASE_STRIP = NO;
				ENABLE_STRICT_OBJC_MSGSEND = YES;
				GCC_C_LANGUAGE_STANDARD = gnu99;
				GCC_DYNAMIC_NO_PIC = NO;
				GCC_OPTIMIZATION_LEVEL = 0;
				GCC_PREPROCESSOR_DEFINITIONS = (
					"DEBUG=1",
					"$(inherited)",
				);
				GCC_SYMBOLS_PRIVATE_EXTERN = NO;
				GCC_WARN_64_TO_32_BIT_CONVERSION = YES;
				GCC_WARN_ABOUT_RETURN_TYPE = YES_ERROR;
				GCC_WARN_UNDECLARED_SELECTOR = YES;
				GCC_WARN_UNINITIALIZED_AUTOS = YES_AGGRESSIVE;
				GCC_WARN_UNUSED_FUNCTION = YES;
				GCC_WARN_UNUSED_VARIABLE = YES;
				IPHONEOS_DEPLOYMENT_TARGET = 8.1;
				MTL_ENABLE_DEBUG_INFO = YES;
				ONLY_ACTIVE_ARCH = YES;
				SDKROOT = iphoneos;
				SWIFT_OPTIMIZATION_LEVEL = "-Onone";
				TARGETED_DEVICE_FAMILY = "1,2";
			};
			name = Debug;
		};
		801BECE01A55D080003FEA45 /* Release */ = {
			isa = XCBuildConfiguration;
			buildSettings = {
				ALWAYS_SEARCH_USER_PATHS = NO;
				CLANG_CXX_LANGUAGE_STANDARD = "gnu++0x";
				CLANG_CXX_LIBRARY = "libc++";
				CLANG_ENABLE_MODULES = YES;
				CLANG_ENABLE_OBJC_ARC = YES;
				CLANG_WARN_BOOL_CONVERSION = YES;
				CLANG_WARN_CONSTANT_CONVERSION = YES;
				CLANG_WARN_DIRECT_OBJC_ISA_USAGE = YES_ERROR;
				CLANG_WARN_EMPTY_BODY = YES;
				CLANG_WARN_ENUM_CONVERSION = YES;
				CLANG_WARN_INT_CONVERSION = YES;
				CLANG_WARN_OBJC_ROOT_CLASS = YES_ERROR;
				CLANG_WARN_UNREACHABLE_CODE = YES;
				CLANG_WARN__DUPLICATE_METHOD_MATCH = YES;
				"CODE_SIGN_IDENTITY[sdk=iphoneos*]" = "iPhone Developer";
				COPY_PHASE_STRIP = YES;
				ENABLE_NS_ASSERTIONS = NO;
				ENABLE_STRICT_OBJC_MSGSEND = YES;
				GCC_C_LANGUAGE_STANDARD = gnu99;
				GCC_WARN_64_TO_32_BIT_CONVERSION = YES;
				GCC_WARN_ABOUT_RETURN_TYPE = YES_ERROR;
				GCC_WARN_UNDECLARED_SELECTOR = YES;
				GCC_WARN_UNINITIALIZED_AUTOS = YES_AGGRESSIVE;
				GCC_WARN_UNUSED_FUNCTION = YES;
				GCC_WARN_UNUSED_VARIABLE = YES;
				IPHONEOS_DEPLOYMENT_TARGET = 8.1;
				MTL_ENABLE_DEBUG_INFO = NO;
				SDKROOT = iphoneos;
				TARGETED_DEVICE_FAMILY = "1,2";
				VALIDATE_PRODUCT = YES;
			};
			name = Release;
		};
		801BECE21A55D080003FEA45 /* Debug */ = {
			isa = XCBuildConfiguration;
			buildSettings = {
				ASSETCATALOG_COMPILER_APPICON_NAME = AppIcon;
				INFOPLIST_FILE = Postcard/Info.plist;
				LD_RUNPATH_SEARCH_PATHS = "$(inherited) @executable_path/Frameworks";
				PRODUCT_NAME = "$(TARGET_NAME)";
			};
			name = Debug;
		};
		801BECE31A55D080003FEA45 /* Release */ = {
			isa = XCBuildConfiguration;
			buildSettings = {
				ASSETCATALOG_COMPILER_APPICON_NAME = AppIcon;
				INFOPLIST_FILE = Postcard/Info.plist;
				LD_RUNPATH_SEARCH_PATHS = "$(inherited) @executable_path/Frameworks";
				PRODUCT_NAME = "$(TARGET_NAME)";
			};
			name = Release;
		};
		801BECE51A55D080003FEA45 /* Debug */ = {
			isa = XCBuildConfiguration;
			buildSettings = {
				BUNDLE_LOADER = "$(TEST_HOST)";
				FRAMEWORK_SEARCH_PATHS = (
					"$(SDKROOT)/Developer/Library/Frameworks",
					"$(inherited)",
				);
				GCC_PREPROCESSOR_DEFINITIONS = (
					"DEBUG=1",
					"$(inherited)",
				);
				INFOPLIST_FILE = PostcardTests/Info.plist;
				LD_RUNPATH_SEARCH_PATHS = "$(inherited) @executable_path/Frameworks @loader_path/Frameworks";
				PRODUCT_NAME = "$(TARGET_NAME)";
				TEST_HOST = "$(BUILT_PRODUCTS_DIR)/Postcard.app/Postcard";
			};
			name = Debug;
		};
		801BECE61A55D080003FEA45 /* Release */ = {
			isa = XCBuildConfiguration;
			buildSettings = {
				BUNDLE_LOADER = "$(TEST_HOST)";
				FRAMEWORK_SEARCH_PATHS = (
					"$(SDKROOT)/Developer/Library/Frameworks",
					"$(inherited)",
				);
				INFOPLIST_FILE = PostcardTests/Info.plist;
				LD_RUNPATH_SEARCH_PATHS = "$(inherited) @executable_path/Frameworks @loader_path/Frameworks";
				PRODUCT_NAME = "$(TARGET_NAME)";
				TEST_HOST = "$(BUILT_PRODUCTS_DIR)/Postcard.app/Postcard";
			};
			name = Release;
		};
/* End XCBuildConfiguration section */

/* Begin XCConfigurationList section */
		801BECBD1A55D080003FEA45 /* Build configuration list for PBXProject "Postcard" */ = {
			isa = XCConfigurationList;
			buildConfigurations = (
				801BECDF1A55D080003FEA45 /* Debug */,
				801BECE01A55D080003FEA45 /* Release */,
			);
			defaultConfigurationIsVisible = 0;
			defaultConfigurationName = Release;
		};
		801BECE11A55D080003FEA45 /* Build configuration list for PBXNativeTarget "Postcard" */ = {
			isa = XCConfigurationList;
			buildConfigurations = (
				801BECE21A55D080003FEA45 /* Debug */,
				801BECE31A55D080003FEA45 /* Release */,
			);
			defaultConfigurationIsVisible = 0;
		};
		801BECE41A55D080003FEA45 /* Build configuration list for PBXNativeTarget "PostcardTests" */ = {
			isa = XCConfigurationList;
			buildConfigurations = (
				801BECE51A55D080003FEA45 /* Debug */,
				801BECE61A55D080003FEA45 /* Release */,
			);
			defaultConfigurationIsVisible = 0;
		};
/* End XCConfigurationList section */
	};
	rootObject = 801BECBA1A55D07F003FEA45 /* Project object */;
}
